
Microsoft Visual Studio Solution File, Format Version 12.00
# Visual Studio 2013
VisualStudioVersion = 12.0.30723.0
MinimumVisualStudioVersion = 10.0.40219.1
Project("{9092AA53-FB77-4645-B42D-1CCCA6BD08BD}") = "01_HelloWorld", "01_HelloWorld\01_HelloWorld.njsproj", "{261162A0-B746-4EA0-A307-E5E4128F9257}"
EndProject
Project("{2150E333-8FDC-42A3-9474-1A3956D46DE8}") = "Solution Items", "Solution Items", "{F571D891-6F44-4C44-9FE3-3B2F8153E802}"
	ProjectSection(SolutionItems) = preProject
		.gitattributes = .gitattributes
		.gitignore = .gitignore
		README.md = README.md
	EndProjectSection
EndProject
Project("{9092AA53-FB77-4645-B42D-1CCCA6BD08BD}") = "02_HelloWorldHTTP", "02_HelloWorldHTTP\02_HelloWorldHTTP.njsproj", "{69B6BC1B-8847-407C-917E-BF80E6A32203}"
EndProject
Project("{9092AA53-FB77-4645-B42D-1CCCA6BD08BD}") = "03_FileIO", "03_FileIO\03_FileIO.njsproj", "{B2BA44EB-6DCE-4DEE-A2C7-1FCFDCCECA0A}"
EndProject
Project("{9092AA53-FB77-4645-B42D-1CCCA6BD08BD}") = "04_CallbackInsanity", "04_CallbackInsanity\04_CallbackInsanity.njsproj", "{780776B3-8FB7-4558-A597-17A630221A24}"
EndProject
Project("{9092AA53-FB77-4645-B42D-1CCCA6BD08BD}") = "05_HelloWorldTCP", "05_HelloWorldTCP\05_HelloWorldTCP.njsproj", "{2DD0D3ED-CCF9-4951-9BD6-53A400D56FE8}"
EndProject
Project("{9092AA53-FB77-4645-B42D-1CCCA6BD08BD}") = "06_Streams", "06_Streams\06_Streams.njsproj", "{4D797A54-38F8-4DCC-86E4-24C349D58EB5}"
EndProject
Project("{9092AA53-FB77-4645-B42D-1CCCA6BD08BD}") = "07_BasicExpress", "07_BasicExpress\07_BasicExpress.njsproj", "{B1E827D8-B736-4160-AF66-221AD6131B19}"
EndProject
Project("{9092AA53-FB77-4645-B42D-1CCCA6BD08BD}") = "08_ExpressREST", "08_ExpressREST\08_ExpressREST.njsproj", "{31926211-D6EC-4E7C-BE7B-D24571F3CA6B}"
EndProject
Project("{9092AA53-FB77-4645-B42D-1CCCA6BD08BD}") = "09_NodeChatroom", "09_NodeChatroom\09_NodeChatroom.njsproj", "{216FEF5B-BAE6-44DB-8EBD-16E6D09842F7}"
EndProject
Global
	GlobalSection(SolutionConfigurationPlatforms) = preSolution
		Debug|Any CPU = Debug|Any CPU
		Release|Any CPU = Release|Any CPU
	EndGlobalSection
	GlobalSection(ProjectConfigurationPlatforms) = postSolution
		{261162A0-B746-4EA0-A307-E5E4128F9257}.Debug|Any CPU.ActiveCfg = Debug|Any CPU
		{261162A0-B746-4EA0-A307-E5E4128F9257}.Debug|Any CPU.Build.0 = Debug|Any CPU
		{261162A0-B746-4EA0-A307-E5E4128F9257}.Release|Any CPU.ActiveCfg = Release|Any CPU
		{261162A0-B746-4EA0-A307-E5E4128F9257}.Release|Any CPU.Build.0 = Release|Any CPU
		{69B6BC1B-8847-407C-917E-BF80E6A32203}.Debug|Any CPU.ActiveCfg = Debug|Any CPU
		{69B6BC1B-8847-407C-917E-BF80E6A32203}.Debug|Any CPU.Build.0 = Debug|Any CPU
		{69B6BC1B-8847-407C-917E-BF80E6A32203}.Release|Any CPU.ActiveCfg = Release|Any CPU
		{69B6BC1B-8847-407C-917E-BF80E6A32203}.Release|Any CPU.Build.0 = Release|Any CPU
		{B2BA44EB-6DCE-4DEE-A2C7-1FCFDCCECA0A}.Debug|Any CPU.ActiveCfg = Debug|Any CPU
		{B2BA44EB-6DCE-4DEE-A2C7-1FCFDCCECA0A}.Debug|Any CPU.Build.0 = Debug|Any CPU
		{B2BA44EB-6DCE-4DEE-A2C7-1FCFDCCECA0A}.Release|Any CPU.ActiveCfg = Release|Any CPU
		{B2BA44EB-6DCE-4DEE-A2C7-1FCFDCCECA0A}.Release|Any CPU.Build.0 = Release|Any CPU
		{780776B3-8FB7-4558-A597-17A630221A24}.Debug|Any CPU.ActiveCfg = Debug|Any CPU
		{780776B3-8FB7-4558-A597-17A630221A24}.Debug|Any CPU.Build.0 = Debug|Any CPU
		{780776B3-8FB7-4558-A597-17A630221A24}.Release|Any CPU.ActiveCfg = Release|Any CPU
		{780776B3-8FB7-4558-A597-17A630221A24}.Release|Any CPU.Build.0 = Release|Any CPU
		{2DD0D3ED-CCF9-4951-9BD6-53A400D56FE8}.Debug|Any CPU.ActiveCfg = Debug|Any CPU
		{2DD0D3ED-CCF9-4951-9BD6-53A400D56FE8}.Debug|Any CPU.Build.0 = Debug|Any CPU
		{2DD0D3ED-CCF9-4951-9BD6-53A400D56FE8}.Release|Any CPU.ActiveCfg = Release|Any CPU
		{2DD0D3ED-CCF9-4951-9BD6-53A400D56FE8}.Release|Any CPU.Build.0 = Release|Any CPU
		{4D797A54-38F8-4DCC-86E4-24C349D58EB5}.Debug|Any CPU.ActiveCfg = Debug|Any CPU
		{4D797A54-38F8-4DCC-86E4-24C349D58EB5}.Debug|Any CPU.Build.0 = Debug|Any CPU
		{4D797A54-38F8-4DCC-86E4-24C349D58EB5}.Release|Any CPU.ActiveCfg = Release|Any CPU
		{4D797A54-38F8-4DCC-86E4-24C349D58EB5}.Release|Any CPU.Build.0 = Release|Any CPU
		{B1E827D8-B736-4160-AF66-221AD6131B19}.Debug|Any CPU.ActiveCfg = Debug|Any CPU
		{B1E827D8-B736-4160-AF66-221AD6131B19}.Debug|Any CPU.Build.0 = Debug|Any CPU
		{B1E827D8-B736-4160-AF66-221AD6131B19}.Release|Any CPU.ActiveCfg = Release|Any CPU
		{B1E827D8-B736-4160-AF66-221AD6131B19}.Release|Any CPU.Build.0 = Release|Any CPU
		{31926211-D6EC-4E7C-BE7B-D24571F3CA6B}.Debug|Any CPU.ActiveCfg = Debug|Any CPU
		{31926211-D6EC-4E7C-BE7B-D24571F3CA6B}.Debug|Any CPU.Build.0 = Debug|Any CPU
		{31926211-D6EC-4E7C-BE7B-D24571F3CA6B}.Release|Any CPU.ActiveCfg = Release|Any CPU
		{31926211-D6EC-4E7C-BE7B-D24571F3CA6B}.Release|Any CPU.Build.0 = Release|Any CPU
		{216FEF5B-BAE6-44DB-8EBD-16E6D09842F7}.Debug|Any CPU.ActiveCfg = Debug|Any CPU
		{216FEF5B-BAE6-44DB-8EBD-16E6D09842F7}.Debug|Any CPU.Build.0 = Debug|Any CPU
		{216FEF5B-BAE6-44DB-8EBD-16E6D09842F7}.Release|Any CPU.ActiveCfg = Release|Any CPU
		{216FEF5B-BAE6-44DB-8EBD-16E6D09842F7}.Release|Any CPU.Build.0 = Release|Any CPU
	EndGlobalSection
	GlobalSection(SolutionProperties) = preSolution
		HideSolutionNode = FALSE
	EndGlobalSection
EndGlobal
